// !$*UTF8*$!
{
	archiveVersion = 1;
	classes = {
	};
	objectVersion = 46;
	objects = {

/* Begin PBXBuildFile section */
		F08286371D9BB1AF005D0DDB /* main.m in Sources */ = {isa = PBXBuildFile; fileRef = F08286361D9BB1AF005D0DDB /* main.m */; };
		F082863A1D9BB1AF005D0DDB /* AppDelegate.m in Sources */ = {isa = PBXBuildFile; fileRef = F08286391D9BB1AF005D0DDB /* AppDelegate.m */; };
		F082863D1D9BB1AF005D0DDB /* ViewController.m in Sources */ = {isa = PBXBuildFile; fileRef = F082863C1D9BB1AF005D0DDB /* ViewController.m */; };
		F08286401D9BB1AF005D0DDB /* Main.storyboard in Resources */ = {isa = PBXBuildFile; fileRef = F082863E1D9BB1AF005D0DDB /* Main.storyboard */; };
		F08286421D9BB1AF005D0DDB /* Assets.xcassets in Resources */ = {isa = PBXBuildFile; fileRef = F08286411D9BB1AF005D0DDB /* Assets.xcassets */; };
		F08286451D9BB1AF005D0DDB /* LaunchScreen.storyboard in Resources */ = {isa = PBXBuildFile; fileRef = F08286431D9BB1AF005D0DDB /* LaunchScreen.storyboard */; };
/* End PBXBuildFile section */

/* Begin PBXFileReference section */
		F08286321D9BB1AF005D0DDB /* ex1.app */ = {isa = PBXFileReference; explicitFileType = wrapper.application; includeInIndex = 0; path = ex1.app; sourceTree = BUILT_PRODUCTS_DIR; };
		F08286361D9BB1AF005D0DDB /* main.m */ = {isa = PBXFileReference; lastKnownFileType = sourcecode.c.objc; path = main.m; sourceTree = "<group>"; };
		F08286381D9BB1AF005D0DDB /* AppDelegate.h */ = {isa = PBXFileReference; lastKnownFileType = sourcecode.c.h; path = AppDelegate.h; sourceTree = "<group>"; };
		F08286391D9BB1AF005D0DDB /* AppDelegate.m */ = {isa = PBXFileReference; lastKnownFileType = sourcecode.c.objc; path = AppDelegate.m; sourceTree = "<group>"; };
		F082863B1D9BB1AF005D0DDB /* ViewController.h */ = {isa = PBXFileReference; lastKnownFileType = sourcecode.c.h; path = ViewController.h; sourceTree = "<group>"; };
		F082863C1D9BB1AF005D0DDB /* ViewController.m */ = {isa = PBXFileReference; lastKnownFileType = sourcecode.c.objc; path = ViewController.m; sourceTree = "<group>"; };
		F082863F1D9BB1AF005D0DDB /* Base */ = {isa = PBXFileReference; lastKnownFileType = file.storyboard; name = Base; path = Base.lproj/Main.storyboard; sourceTree = "<group>"; };
		F08286411D9BB1AF005D0DDB /* Assets.xcassets */ = {isa = PBXFileReference; lastKnownFileType = folder.assetcatalog; path = Assets.xcassets; sourceTree = "<group>"; };
		F08286441D9BB1AF005D0DDB /* Base */ = {isa = PBXFileReference; lastKnownFileType = file.storyboard; name = Base; path = Base.lproj/LaunchScreen.storyboard; sourceTree = "<group>"; };
		F08286461D9BB1AF005D0DDB /* Info.plist */ = {isa = PBXFileReference; lastKnownFileType = text.plist.xml; path = Info.plist; sourceTree = "<group>"; };
/* End PBXFileReference section */

/* Begin PBXFrameworksBuildPhase section */
		F082862F1D9BB1AF005D0DDB /* Frameworks */ = {
			isa = PBXFrameworksBuildPhase;
			buildActionMask = 2147483647;
			files = (
			);
			runOnlyForDeploymentPostprocessing = 0;
		};
/* End PBXFrameworksBuildPhase section */

/* Begin PBXGroup section */
		F08286291D9BB1AF005D0DDB = {
			isa = PBXGroup;
			children = (
				F08286341D9BB1AF005D0DDB /* ex1 */,
				F08286331D9BB1AF005D0DDB /* Products */,
			);
			sourceTree = "<group>";
		};
		F08286331D9BB1AF005D0DDB /* Products */ = {
			isa = PBXGroup;
			children = (
				F08286321D9BB1AF005D0DDB /* ex1.app */,
			);
			name = Products;
			sourceTree = "<group>";
		};
		F08286341D9BB1AF005D0DDB /* ex1 */ = {
			isa = PBXGroup;
			children = (
				F08286381D9BB1AF005D0DDB /* AppDelegate.h */,
				F08286391D9BB1AF005D0DDB /* AppDelegate.m */,
				F082863B1D9BB1AF005D0DDB /* ViewController.h */,
				F082863C1D9BB1AF005D0DDB /* ViewController.m */,
				F082863E1D9BB1AF005D0DDB /* Main.storyboard */,
				F08286411D9BB1AF005D0DDB /* Assets.xcassets */,
				F08286431D9BB1AF005D0DDB /* LaunchScreen.storyboard */,
				F08286461D9BB1AF005D0DDB /* Info.plist */,
				F08286351D9BB1AF005D0DDB /* Supporting Files */,
			);
			path = ex1;
			sourceTree = "<group>";
		};
		F08286351D9BB1AF005D0DDB /* Supporting Files */ = {
			isa = PBXGroup;
			children = (
				F08286361D9BB1AF005D0DDB /* main.m */,
			);
			name = "Supporting Files";
			sourceTree = "<group>";
		};
/* End PBXGroup section */

/* Begin PBXNativeTarget section */
		F08286311D9BB1AF005D0DDB /* ex1 */ = {
			isa = PBXNativeTarget;
			buildConfigurationList = F08286491D9BB1AF005D0DDB /* Build configuration list for PBXNativeTarget "ex1" */;
			buildPhases = (
				F082862E1D9BB1AF005D0DDB /* Sources */,
				F082862F1D9BB1AF005D0DDB /* Frameworks */,
				F08286301D9BB1AF005D0DDB /* Resources */,
			);
			buildRules = (
			);
			dependencies = (
			);
			name = ex1;
			productName = ex1;
			productReference = F08286321D9BB1AF005D0DDB /* ex1.app */;
			productType = "com.apple.product-type.application";
		};
/* End PBXNativeTarget section */

/* Begin PBXProject section */
		F082862A1D9BB1AF005D0DDB /* Project object */ = {
			isa = PBXProject;
			attributes = {
				LastUpgradeCheck = 0800;
				ORGANIZATIONNAME = v5.cn;
				TargetAttributes = {
					F08286311D9BB1AF005D0DDB = {
						CreatedOnToolsVersion = 8.0;
						DevelopmentTeam = YFWSJ28AVU;
						ProvisioningStyle = Automatic;
					};
				};
			};
			buildConfigurationList = F082862D1D9BB1AF005D0DDB /* Build configuration list for PBXProject "ex1" */;
			compatibilityVersion = "Xcode 3.2";
			developmentRegion = English;
			hasScannedForEncodings = 0;
			knownRegions = (
				en,
				Base,
			);
			mainGroup = F08286291D9BB1AF005D0DDB;
			productRefGroup = F08286331D9BB1AF005D0DDB /* Products */;
			projectDirPath = "";
			projectRoot = "";
			targets = (
				F08286311D9BB1AF005D0DDB /* ex1 */,
			);
		};
/* End PBXProject section */

/* Begin PBXResourcesBuildPhase section */
		F08286301D9BB1AF005D0DDB /* Resources */ = {
			isa = PBXResourcesBuildPhase;
			buildActionMask = 2147483647;
			files = (
				F08286451D9BB1AF005D0DDB /* LaunchScreen.storyboard in Resources */,
				F08286421D9BB1AF005D0DDB /* Assets.xcassets in Resources */,
				F08286401D9BB1AF005D0DDB /* Main.storyboard in Resources */,
			);
			runOnlyForDeploymentPostprocessing = 0;
		};
/* End PBXResourcesBuildPhase section */

/* Begin PBXSourcesBuildPhase section */
		F082862E1D9BB1AF005D0DDB /* Sources */ = {
			isa = PBXSourcesBuildPhase;
			buildActionMask = 2147483647;
			files = (
				F082863D1D9BB1AF005D0DDB /* ViewController.m in Sources */,
				F082863A1D9BB1AF005D0DDB /* AppDelegate.m in Sources */,
				F08286371D9BB1AF005D0DDB /* main.m in Sources */,
			);
			runOnlyForDeploymentPostprocessing = 0;
		};
/* End PBXSourcesBuildPhase section */

/* Begin PBXVariantGroup section */
		F082863E1D9BB1AF005D0DDB /* Main.storyboard */ = {
			isa = PBXVariantGroup;
			children = (
				F082863F1D9BB1AF005D0DDB /* Base */,
			);
			name = Main.storyboard;
			sourceTree = "<group>";
		};
		F08286431D9BB1AF005D0DDB /* LaunchScreen.storyboard */ = {
			isa = PBXVariantGroup;
			children = (
				F08286441D9BB1AF005D0DDB /* Base */,
			);
			name = LaunchScreen.storyboard;
			sourceTree = "<group>";
		};
/* End PBXVariantGroup section */

/* Begin XCBuildConfiguration section */
		F08286471D9BB1AF005D0DDB /* Debug */ = {
			isa = XCBuildConfiguration;
			buildSettings = {
				ALWAYS_SEARCH_USER_PATHS = NO;
				CLANG_ANALYZER_NONNULL = YES;
				CLANG_CXX_LANGUAGE_STANDARD = "gnu++0x";
				CLANG_CXX_LIBRARY = "libc++";
				CLANG_ENABLE_MODULES = YES;
				CLANG_ENABLE_OBJC_ARC = YES;
				CLANG_WARN_BOOL_CONVERSION = YES;
				CLANG_WARN_CONSTANT_CONVERSION = YES;
				CLANG_WARN_DIRECT_OBJC_ISA_USAGE = YES_ERROR;
				CLANG_WARN_DOCUMENTATION_COMMENTS = YES;
				CLANG_WARN_EMPTY_BODY = YES;
				CLANG_WARN_ENUM_CONVERSION = YES;
				CLANG_WARN_INFINITE_RECURSION = YES;
				CLANG_WARN_INT_CONVERSION = YES;
				CLANG_WARN_OBJC_ROOT_CLASS = YES_ERROR;
				CLANG_WARN_SUSPICIOUS_MOVES = YES;
				CLANG_WARN_UNREACHABLE_CODE = YES;
				CLANG_WARN__DUPLICATE_METHOD_MATCH = YES;
				"CODE_SIGN_IDENTITY[sdk=iphoneos*]" = "iPhone Developer";
				COPY_PHASE_STRIP = NO;
				DEBUG_INFORMATION_FORMAT = dwarf;
				ENABLE_STRICT_OBJC_MSGSEND = YES;
				ENABLE_TESTABILITY = YES;
				GCC_C_LANGUAGE_STANDARD = gnu99;
				GCC_DYNAMIC_NO_PIC = NO;
				GCC_NO_COMMON_BLOCKS = YES;
				GCC_OPTIMIZATION_LEVEL = 0;
				GCC_PREPROCESSOR_DEFINITIONS = (
					"DEBUG=1",
					"$(inherited)",
				);
				GCC_WARN_64_TO_32_BIT_CONVERSION = YES;
				GCC_WARN_ABOUT_RETURN_TYPE = YES_ERROR;
				GCC_WARN_UNDECLARED_SELECTOR = YES;
				GCC_WARN_UNINITIALIZED_AUTOS = YES_AGGRESSIVE;
				GCC_WARN_UNUSED_FUNCTION = YES;
				GCC_WARN_UNUSED_VARIABLE = YES;
				IPHONEOS_DEPLOYMENT_TARGET = 10.0;
				MTL_ENABLE_DEBUG_INFO = YES;
				ONLY_ACTIVE_ARCH = YES;
				SDKROOT = iphoneos;
				TARGETED_DEVICE_FAMILY = "1,2";
			};
			name = Debug;
		};
		F08286481D9BB1AF005D0DDB /* Release */ = {
			isa = XCBuildConfiguration;
			buildSettings = {
				ALWAYS_SEARCH_USER_PATHS = NO;
				CLANG_ANALYZER_NONNULL = YES;
				CLANG_CXX_LANGUAGE_STANDARD = "gnu++0x";
				CLANG_CXX_LIBRARY = "libc++";
				CLANG_ENABLE_MODULES = YES;
				CLANG_ENABLE_OBJC_ARC = YES;
				CLANG_WARN_BOOL_CONVERSION = YES;
				CLANG_WARN_CONSTANT_CONVERSION = YES;
				CLANG_WARN_DIRECT_OBJC_ISA_USAGE = YES_ERROR;
				CLANG_WARN_DOCUMENTATION_COMMENTS = YES;
				CLANG_WARN_EMPTY_BODY = YES;
				CLANG_WARN_ENUM_CONVERSION = YES;
				CLANG_WARN_INFINITE_RECURSION = YES;
				CLANG_WARN_INT_CONVERSION = YES;
				CLANG_WARN_OBJC_ROOT_CLASS = YES_ERROR;
				CLANG_WARN_SUSPICIOUS_MOVES = YES;
				CLANG_WARN_UNREACHABLE_CODE = YES;
				CLANG_WARN__DUPLICATE_METHOD_MATCH = YES;
				"CODE_SIGN_IDENTITY[sdk=iphoneos*]" = "iPhone Developer";
				COPY_PHASE_STRIP = NO;
				DEBUG_INFORMATION_FORMAT = "dwarf-with-dsym";
				ENABLE_NS_ASSERTIONS = NO;
				ENABLE_STRICT_OBJC_MSGSEND = YES;
				GCC_C_LANGUAGE_STANDARD = gnu99;
				GCC_NO_COMMON_BLOCKS = YES;
				GCC_WARN_64_TO_32_BIT_CONVERSION = YES;
				GCC_WARN_ABOUT_RETURN_TYPE = YES_ERROR;
				GCC_WARN_UNDECLARED_SELECTOR = YES;
				GCC_WARN_UNINITIALIZED_AUTOS = YES_AGGRESSIVE;
				GCC_WARN_UNUSED_FUNCTION = YES;
				GCC_WARN_UNUSED_VARIABLE = YES;
				IPHONEOS_DEPLOYMENT_TARGET = 10.0;
				MTL_ENABLE_DEBUG_INFO = NO;
				SDKROOT = iphoneos;
				TARGETED_DEVICE_FAMILY = "1,2";
				VALIDATE_PRODUCT = YES;
			};
			name = Release;
		};
		F082864A1D9BB1AF005D0DDB /* Debug */ = {
			isa = XCBuildConfiguration;
			buildSettings = {
				ASSETCATALOG_COMPILER_APPICON_NAME = AppIcon;
				DEVELOPMENT_TEAM = YFWSJ28AVU;
				INFOPLIST_FILE = ex1/Info.plist;
				LD_RUNPATH_SEARCH_PATHS = "$(inherited) @executable_path/Frameworks";
				PRODUCT_BUNDLE_IDENTIFIER = v5.cn.ex1;
				PRODUCT_NAME = "$(TARGET_NAME)";
			};
			name = Debug;
		};
		F082864B1D9BB1AF005D0DDB /* Release */ = {
			isa = XCBuildConfiguration;
			buildSettings = {
				ASSETCATALOG_COMPILER_APPICON_NAME = AppIcon;
				DEVELOPMENT_TEAM = YFWSJ28AVU;
				INFOPLIST_FILE = ex1/Info.plist;
				LD_RUNPATH_SEARCH_PATHS = "$(inherited) @executable_path/Frameworks";
				PRODUCT_BUNDLE_IDENTIFIER = v5.cn.ex1;
				PRODUCT_NAME = "$(TARGET_NAME)";
			};
			name = Release;
		};
/* End XCBuildConfiguration section */

/* Begin XCConfigurationList section */
		F082862D1D9BB1AF005D0DDB /* Build configuration list for PBXProject "ex1" */ = {
			isa = XCConfigurationList;
			buildConfigurations = (
				F08286471D9BB1AF005D0DDB /* Debug */,
				F08286481D9BB1AF005D0DDB /* Release */,
			);
			defaultConfigurationIsVisible = 0;
			defaultConfigurationName = Release;
		};
		F08286491D9BB1AF005D0DDB /* Build configuration list for PBXNativeTarget "ex1" */ = {
			isa = XCConfigurationList;
			buildConfigurations = (
				F082864A1D9BB1AF005D0DDB /* Debug */,
				F082864B1D9BB1AF005D0DDB /* Release */,
			);
			defaultConfigurationIsVisible = 0;
		};
/* End XCConfigurationList section */
	};
	rootObject = F082862A1D9BB1AF005D0DDB /* Project object */;
}
